
Microsoft Visual Studio Solution File, Format Version 12.00
# Visual Studio Version 17
VisualStudioVersion = 17.7.34009.444
MinimumVisualStudioVersion = 10.0.40219.1
Project("{9A19103F-16F7-4668-BE54-9A1E7A4F7556}") = "INVT", "INVT.csproj", "{7F2EEBA2-6085-4B87-A0D0-1E67E5F6B31A}"
EndProject
Global
	GlobalSection(SolutionConfigurationPlatforms) = preSolution
		Debug|Any CPU = Debug|Any CPU
		Debug|x64 = Debug|x64
		Release|Any CPU = Release|Any CPU
		Release|x64 = Release|x64
	EndGlobalSection
	GlobalSection(ProjectConfigurationPlatforms) = postSolution
		{7F2EEBA2-6085-4B87-A0D0-1E67E5F6B31A}.Debug|Any CPU.ActiveCfg = Debug|Any CPU
		{7F2EEBA2-6085-4B87-A0D0-1E67E5F6B31A}.Debug|Any CPU.Build.0 = Debug|Any CPU
		{7F2EEBA2-6085-4B87-A0D0-1E67E5F6B31A}.Debug|x64.ActiveCfg = Debug|x64
		{7F2EEBA2-6085-4B87-A0D0-1E67E5F6B31A}.Debug|x64.Build.0 = Debug|x64
		{7F2EEBA2-6085-4B87-A0D0-1E67E5F6B31A}.Release|Any CPU.ActiveCfg = Release|Any CPU
		{7F2EEBA2-6085-4B87-A0D0-1E67E5F6B31A}.Release|Any CPU.Build.0 = Release|Any CPU
		{7F2EEBA2-6085-4B87-A0D0-1E67E5F6B31A}.Release|x64.ActiveCfg = Release|x64
		{7F2EEBA2-6085-4B87-A0D0-1E67E5F6B31A}.Release|x64.Build.0 = Release|x64
	EndGlobalSection
	GlobalSection(SolutionProperties) = preSolution
		HideSolutionNode = FALSE
	EndGlobalSection
	GlobalSection(ExtensibilityGlobals) = postSolution
		SolutionGuid = {191A9F20-07D8-4D5A-AF6C-0FD632455724}
	EndGlobalSection
EndGlobal
